
Microsoft Visual Studio Solution File, Format Version 12.00
# Visual Studio Version 16
VisualStudioVersion = 16.0.31624.102
MinimumVisualStudioVersion = 10.0.40219.1
Project("{FAE04EC0-301F-11D3-BF4B-00C04F79EFBC}") = "QLDSV_TC", "QLDSV_TC\QLDSV_TC.csproj", "{8FE58BB1-4DB3-4903-9512-77B4C8569634}"
EndProject
Global
	GlobalSection(SolutionConfigurationPlatforms) = preSolution
		Debug|Any CPU = Debug|Any CPU
		Release|Any CPU = Release|Any CPU
	EndGlobalSection
	GlobalSection(ProjectConfigurationPlatforms) = postSolution
		{8FE58BB1-4DB3-4903-9512-77B4C8569634}.Debug|Any CPU.ActiveCfg = Debug|Any CPU
		{8FE58BB1-4DB3-4903-9512-77B4C8569634}.Debug|Any CPU.Build.0 = Debug|Any CPU
		{8FE58BB1-4DB3-4903-9512-77B4C8569634}.Release|Any CPU.ActiveCfg = Release|Any CPU
		{8FE58BB1-4DB3-4903-9512-77B4C8569634}.Release|Any CPU.Build.0 = Release|Any CPU
	EndGlobalSection
	GlobalSection(SolutionProperties) = preSolution
		HideSolutionNode = FALSE
	EndGlobalSection
	GlobalSection(ExtensibilityGlobals) = postSolution
		SolutionGuid = {F323242B-488D-4DCC-9FA0-FE650C097351}
	EndGlobalSection
EndGlobal
